
Microsoft Visual Studio Solution File, Format Version 12.00
# Visual Studio Version 16
VisualStudioVersion = 16.0.29509.3
MinimumVisualStudioVersion = 10.0.40219.1
Project("{9A19103F-16F7-4668-BE54-9A1E7A4F7556}") = "SwaggerApiExample", "SwaggerApiExample\SwaggerApiExample.csproj", "{ADDC9C60-7198-4F32-AD3D-1056D95F9D67}"
EndProject
Project("{2150E333-8FDC-42A3-9474-1A3956D46DE8}") = "Solution Items", "Solution Items", "{00CAD8F3-E732-4A04-80A7-7F90EA83F03A}"
	ProjectSection(SolutionItems) = preProject
		buildAndRun.sh = buildAndRun.sh
		README.md = README.md
	EndProjectSection
EndProject
Project("{FAE04EC0-301F-11D3-BF4B-00C04F79EFBC}") = "SwaggerApiExample.Client", "SwaggerApiExample.Client\SwaggerApiExample.Client.csproj", "{37D25AAE-841D-43FC-9FB0-147A82E18771}"
EndProject
Global
	GlobalSection(SolutionConfigurationPlatforms) = preSolution
		Debug|Any CPU = Debug|Any CPU
		Release|Any CPU = Release|Any CPU
	EndGlobalSection
	GlobalSection(ProjectConfigurationPlatforms) = postSolution
		{ADDC9C60-7198-4F32-AD3D-1056D95F9D67}.Debug|Any CPU.ActiveCfg = Debug|Any CPU
		{ADDC9C60-7198-4F32-AD3D-1056D95F9D67}.Debug|Any CPU.Build.0 = Debug|Any CPU
		{ADDC9C60-7198-4F32-AD3D-1056D95F9D67}.Release|Any CPU.ActiveCfg = Release|Any CPU
		{ADDC9C60-7198-4F32-AD3D-1056D95F9D67}.Release|Any CPU.Build.0 = Release|Any CPU
		{37D25AAE-841D-43FC-9FB0-147A82E18771}.Debug|Any CPU.ActiveCfg = Debug|Any CPU
		{37D25AAE-841D-43FC-9FB0-147A82E18771}.Debug|Any CPU.Build.0 = Debug|Any CPU
		{37D25AAE-841D-43FC-9FB0-147A82E18771}.Release|Any CPU.ActiveCfg = Release|Any CPU
		{37D25AAE-841D-43FC-9FB0-147A82E18771}.Release|Any CPU.Build.0 = Release|Any CPU
	EndGlobalSection
	GlobalSection(SolutionProperties) = preSolution
		HideSolutionNode = FALSE
	EndGlobalSection
	GlobalSection(ExtensibilityGlobals) = postSolution
		SolutionGuid = {35E4FFFA-313B-4F90-B5FB-CCBD3FEFE7F9}
	EndGlobalSection
EndGlobal
